
Microsoft Visual Studio Solution File, Format Version 12.00
# Visual Studio 2012
Project("{FAE04EC0-301F-11D3-BF4B-00C04F79EFBC}") = "BruteForceSudokuSolver", "SudokuSolver\BruteForceSudokuSolver.csproj", "{B9851D2D-6382-41E7-9C36-D7BC57B3D86F}"
EndProject
Project("{FAE04EC0-301F-11D3-BF4B-00C04F79EFBC}") = "NaturalSudokuSolver", "HumanSudokuSolver\NaturalSudokuSolver.csproj", "{92555987-5732-4A32-A438-F86C61EF29B1}"
EndProject
Project("{FAE04EC0-301F-11D3-BF4B-00C04F79EFBC}") = "DancingLinksSudokuSolver", "DancingLinksSudokuSolver\DancingLinksSudokuSolver.csproj", "{9FDE2FB7-07B6-495E-AD56-3FA228FF35EE}"
EndProject
Global
	GlobalSection(SolutionConfigurationPlatforms) = preSolution
		Debug|Any CPU = Debug|Any CPU
		Release|Any CPU = Release|Any CPU
	EndGlobalSection
	GlobalSection(ProjectConfigurationPlatforms) = postSolution
		{B9851D2D-6382-41E7-9C36-D7BC57B3D86F}.Debug|Any CPU.ActiveCfg = Debug|Any CPU
		{B9851D2D-6382-41E7-9C36-D7BC57B3D86F}.Debug|Any CPU.Build.0 = Debug|Any CPU
		{B9851D2D-6382-41E7-9C36-D7BC57B3D86F}.Release|Any CPU.ActiveCfg = Release|Any CPU
		{B9851D2D-6382-41E7-9C36-D7BC57B3D86F}.Release|Any CPU.Build.0 = Release|Any CPU
		{92555987-5732-4A32-A438-F86C61EF29B1}.Debug|Any CPU.ActiveCfg = Debug|Any CPU
		{92555987-5732-4A32-A438-F86C61EF29B1}.Debug|Any CPU.Build.0 = Debug|Any CPU
		{92555987-5732-4A32-A438-F86C61EF29B1}.Release|Any CPU.ActiveCfg = Release|Any CPU
		{92555987-5732-4A32-A438-F86C61EF29B1}.Release|Any CPU.Build.0 = Release|Any CPU
		{9FDE2FB7-07B6-495E-AD56-3FA228FF35EE}.Debug|Any CPU.ActiveCfg = Debug|Any CPU
		{9FDE2FB7-07B6-495E-AD56-3FA228FF35EE}.Debug|Any CPU.Build.0 = Debug|Any CPU
		{9FDE2FB7-07B6-495E-AD56-3FA228FF35EE}.Release|Any CPU.ActiveCfg = Release|Any CPU
		{9FDE2FB7-07B6-495E-AD56-3FA228FF35EE}.Release|Any CPU.Build.0 = Release|Any CPU
	EndGlobalSection
	GlobalSection(SolutionProperties) = preSolution
		HideSolutionNode = FALSE
	EndGlobalSection
EndGlobal
